<?xml version="1.0" encoding="utf-8"?>
<Project ToolsVersion="4.0" xmlns="http://schemas.microsoft.com/developer/msbuild/2003">
  <ItemGroup>
    <Filter Include="cegui">
      <UniqueIdentifier>{01d2e1a4-d712-498b-bc54-2e197770357d}</UniqueIdentifier>
    </Filter>
    <Filter Include="cegui\src">
      <UniqueIdentifier>{e9a0c5dc-b7b1-42aa-9b46-ffc0b5c033f1}</UniqueIdentifier>
    </Filter>
    <Filter Include="cegui\src\ImageCodecModules">
      <UniqueIdentifier>{488e6761-17e3-4bd1-abb6-e22116de1fe8}</UniqueIdentifier>
    </Filter>
    <Filter Include="cegui\src\ImageCodecModules\STBImageCodec">
      <UniqueIdentifier>{2a79ff31-2ce3-4f21-a148-77d1a33aaa51}</UniqueIdentifier>
    </Filter>
    <Filter Include="cegui\include">
      <UniqueIdentifier>{627c24ea-06cd-4661-b33b-4171763d5305}</UniqueIdentifier>
    </Filter>
    <Filter Include="cegui\include\ImageCodecModules">
      <UniqueIdentifier>{350190c4-2f3c-490d-b753-e7cf64192a50}</UniqueIdentifier>
    </Filter>
    <Filter Include="cegui\include\ImageCodecModules\STBImageCodec">
      <UniqueIdentifier>{44b609b9-b786-435d-88f7-20871d270b53}</UniqueIdentifier>
    </Filter>
  </ItemGroup>
  <ItemGroup>
    <ClCompile Include="..\..\..\..\cegui\src\ImageCodecModules\STBImageCodec\CEGUISTBImageCodec.cpp">
      <Filter>cegui\src\ImageCodecModules\STBImageCodec</Filter>
    </ClCompile>
    <ClCompile Include="..\..\..\..\cegui\src\ImageCodecModules\STBImageCodec\CEGUISTBImageCodecModule.cpp">
      <Filter>cegui\src\ImageCodecModules\STBImageCodec</Filter>
    </ClCompile>
    <ClCompile Include="..\..\..\..\cegui\src\ImageCodecModules\STBImageCodec\stb_image.cpp">
      <Filter>cegui\src\ImageCodecModules\STBImageCodec</Filter>
    </ClCompile>
  </ItemGroup>
  <ItemGroup>
    <ClInclude Include="..\..\..\..\cegui\include\ImageCodecModules\STBImageCodec\CEGUISTBImageCodec.h">
      <Filter>cegui\include\ImageCodecModules\STBImageCodec</Filter>
    </ClInclude>
    <ClInclude Include="..\..\..\..\cegui\include\ImageCodecModules\STBImageCodec\CEGUISTBImageCodecModule.h">
      <Filter>cegui\include\ImageCodecModules\STBImageCodec</Filter>
    </ClInclude>
  </ItemGroup>
</Project>