<?xml version="1.0" encoding="utf-8"?>
<Project ToolsVersion="4.0" xmlns="http://schemas.microsoft.com/developer/msbuild/2003">
  <ItemGroup>
    <Filter Include="cegui">
      <UniqueIdentifier>{28478e54-9982-4c9e-8d63-c980b05296b8}</UniqueIdentifier>
    </Filter>
    <Filter Include="cegui\src">
      <UniqueIdentifier>{292d6ed7-9797-4622-99e3-9acc867fe5e7}</UniqueIdentifier>
    </Filter>
    <Filter Include="cegui\src\ImageCodecModules">
      <UniqueIdentifier>{79fc38a6-ba59-40b8-9d75-3190d6ed14ae}</UniqueIdentifier>
    </Filter>
    <Filter Include="cegui\src\ImageCodecModules\CoronaImageCodec">
      <UniqueIdentifier>{c336082a-238a-4a23-9072-61aadfced272}</UniqueIdentifier>
    </Filter>
    <Filter Include="cegui\include">
      <UniqueIdentifier>{14804033-9cd7-4a25-a8dd-d24c57b2fbf7}</UniqueIdentifier>
    </Filter>
    <Filter Include="cegui\include\ImageCodecModules">
      <UniqueIdentifier>{358a0f81-2023-4902-a82f-ac084b45758f}</UniqueIdentifier>
    </Filter>
    <Filter Include="cegui\include\ImageCodecModules\CoronaImageCodec">
      <UniqueIdentifier>{9a4d3939-e2c7-48b5-bd2b-bd099ab16c2a}</UniqueIdentifier>
    </Filter>
  </ItemGroup>
  <ItemGroup>
    <ClCompile Include="..\..\..\..\cegui\src\ImageCodecModules\CoronaImageCodec\CEGUICoronaImageCodec.cpp">
      <Filter>cegui\src\ImageCodecModules\CoronaImageCodec</Filter>
    </ClCompile>
    <ClCompile Include="..\..\..\..\cegui\src\ImageCodecModules\CoronaImageCodec\CEGUICoronaImageCodecModule.cpp">
      <Filter>cegui\src\ImageCodecModules\CoronaImageCodec</Filter>
    </ClCompile>
  </ItemGroup>
  <ItemGroup>
    <ClInclude Include="..\..\..\..\cegui\include\ImageCodecModules\CoronaImageCodec\CEGUICoronaImageCodec.h">
      <Filter>cegui\include\ImageCodecModules\CoronaImageCodec</Filter>
    </ClInclude>
    <ClInclude Include="..\..\..\..\cegui\include\ImageCodecModules\CoronaImageCodec\CEGUICoronaImageCodecModule.h">
      <Filter>cegui\include\ImageCodecModules\CoronaImageCodec</Filter>
    </ClInclude>
  </ItemGroup>
</Project>