Microsoft Visual Studio Solution File, Format Version 10.00
# Visual C++ Express 2008
Project("{8BC9CEB8-8B4A-11D0-8D11-00A0C91BC942}") = "CEGUIBase", "BaseSystem\CEGUIBase.vcproj", "{6F26E66C-B27D-0049-BD68-2F5A8A2DDAA7}"
EndProject
Project("{8BC9CEB8-8B4A-11D0-8D11-00A0C91BC942}") = "CEGUILuaScriptModule", "ScriptingModules\LuaScriptModule\CEGUILuaScriptModule.vcproj", "{981738ED-E670-314D-9889-AF73EAB4D90C}"
	ProjectSection(ProjectDependencies) = postProject
		{6F26E66C-B27D-0049-BD68-2F5A8A2DDAA7} = {6F26E66C-B27D-0049-BD68-2F5A8A2DDAA7}
		{1309969B-9B9A-3F4B-BD19-724661156F30} = {1309969B-9B9A-3F4B-BD19-724661156F30}
	EndProjectSection
EndProject
Project("{8BC9CEB8-8B4A-11D0-8D11-00A0C91BC942}") = "tolua++", "ScriptingModules\LuaScriptModule\support\tolua++\tolua++.vcproj", "{1309969B-9B9A-3F4B-BD19-724661156F30}"
EndProject
Project("{8BC9CEB8-8B4A-11D0-8D11-00A0C91BC942}") = "tolua++cegui", "ScriptingModules\LuaScriptModule\support\tolua++bin\tolua++cegui.vcproj", "{CA0E8D60-23E0-8945-B9E0-56EEFB4ED6A5}"
	ProjectSection(ProjectDependencies) = postProject
		{1309969B-9B9A-3F4B-BD19-724661156F30} = {1309969B-9B9A-3F4B-BD19-724661156F30}
	EndProjectSection
EndProject
Project("{8BC9CEB8-8B4A-11D0-8D11-00A0C91BC942}") = "CEGUIFalagardWRBase", "WindowRendererSets\Falagard\CEGUIFalagardWRBase.vcproj", "{44BC1E88-9F30-7443-9ACA-8B5621E874FE}"
	ProjectSection(ProjectDependencies) = postProject
		{6F26E66C-B27D-0049-BD68-2F5A8A2DDAA7} = {6F26E66C-B27D-0049-BD68-2F5A8A2DDAA7}
	EndProjectSection
EndProject
Project("{8BC9CEB8-8B4A-11D0-8D11-00A0C91BC942}") = "CEGUICoronaImageCodec", "ImageCodecModules\CoronaImageCodec\CEGUICoronaImageCodec.vcproj", "{45A3A52B-E0FA-DE40-AFFD-F7AFCEA7564F}"
	ProjectSection(ProjectDependencies) = postProject
		{6F26E66C-B27D-0049-BD68-2F5A8A2DDAA7} = {6F26E66C-B27D-0049-BD68-2F5A8A2DDAA7}
	EndProjectSection
EndProject
Project("{8BC9CEB8-8B4A-11D0-8D11-00A0C91BC942}") = "CEGUIDevILImageCodec", "ImageCodecModules\DevILImageCodec\CEGUIDevILImageCodec.vcproj", "{10CF66E1-F494-7E43-8D7A-DBFDF8496545}"
	ProjectSection(ProjectDependencies) = postProject
		{6F26E66C-B27D-0049-BD68-2F5A8A2DDAA7} = {6F26E66C-B27D-0049-BD68-2F5A8A2DDAA7}
	EndProjectSection
EndProject
Project("{8BC9CEB8-8B4A-11D0-8D11-00A0C91BC942}") = "CEGUIFreeImageImageCodec", "ImageCodecModules\FreeImageImageCodec\CEGUIFreeImageImageCodec.vcproj", "{4F663BAB-0102-B44F-85B5-920EA36EE66E}"
	ProjectSection(ProjectDependencies) = postProject
		{6F26E66C-B27D-0049-BD68-2F5A8A2DDAA7} = {6F26E66C-B27D-0049-BD68-2F5A8A2DDAA7}
	EndProjectSection
EndProject
Project("{8BC9CEB8-8B4A-11D0-8D11-00A0C91BC942}") = "CEGUITGAImageCodec", "ImageCodecModules\TGAImageCodec\CEGUITGAImageCodec.vcproj", "{7F38E493-D548-5240-9036-EBE476AFEA9D}"
	ProjectSection(ProjectDependencies) = postProject
		{6F26E66C-B27D-0049-BD68-2F5A8A2DDAA7} = {6F26E66C-B27D-0049-BD68-2F5A8A2DDAA7}
	EndProjectSection
EndProject
Project("{8BC9CEB8-8B4A-11D0-8D11-00A0C91BC942}") = "CEGUISILLYImageCodec", "ImageCodecModules\SILLYImageCodec\CEGUISILLYImageCodec.vcproj", "{1D11F212-C43E-D54D-9B6B-214FFD375A80}"
	ProjectSection(ProjectDependencies) = postProject
		{6F26E66C-B27D-0049-BD68-2F5A8A2DDAA7} = {6F26E66C-B27D-0049-BD68-2F5A8A2DDAA7}
	EndProjectSection
EndProject
Project("{8BC9CEB8-8B4A-11D0-8D11-00A0C91BC942}") = "CEGUISTBImageCodec", "ImageCodecModules\STBImageCodec\CEGUISTBImageCodec.vcproj", "{90699504-8BCF-714F-9342-0E954695FA82}"
	ProjectSection(ProjectDependencies) = postProject
		{6F26E66C-B27D-0049-BD68-2F5A8A2DDAA7} = {6F26E66C-B27D-0049-BD68-2F5A8A2DDAA7}
	EndProjectSection
EndProject
Project("{8BC9CEB8-8B4A-11D0-8D11-00A0C91BC942}") = "CEGUIExpatParser", "XMLParserModules\expatParser\CEGUIExpatParser.vcproj", "{1872F902-1E5C-7144-BEFE-A99857B61C48}"
	ProjectSection(ProjectDependencies) = postProject
		{6F26E66C-B27D-0049-BD68-2F5A8A2DDAA7} = {6F26E66C-B27D-0049-BD68-2F5A8A2DDAA7}
	EndProjectSection
EndProject
Project("{8BC9CEB8-8B4A-11D0-8D11-00A0C91BC942}") = "CEGUIOpenGLRenderer", "RendererModules\OpenGL\CEGUIOpenGLRenderer.vcproj", "{7867E192-12A3-D845-A5B1-C63C2B2C5A39}"
	ProjectSection(ProjectDependencies) = postProject
		{6F26E66C-B27D-0049-BD68-2F5A8A2DDAA7} = {6F26E66C-B27D-0049-BD68-2F5A8A2DDAA7}
	EndProjectSection
EndProject
Project("{8BC9CEB8-8B4A-11D0-8D11-00A0C91BC942}") = "CEGUIDirect3D9Renderer", "RendererModules\Direct3D9\CEGUIDirect3D9Renderer.vcproj", "{963FB9D9-AEC8-534C-8148-AFC1C7A28C63}"
	ProjectSection(ProjectDependencies) = postProject
		{6F26E66C-B27D-0049-BD68-2F5A8A2DDAA7} = {6F26E66C-B27D-0049-BD68-2F5A8A2DDAA7}
	EndProjectSection
EndProject
Global
	GlobalSection(SolutionConfigurationPlatforms) = preSolution
		Debug_Static|Win32 = Debug_Static|Win32
		Debug|Win32 = Debug|Win32
		Release_Static|Win32 = Release_Static|Win32
		Release|Win32 = Release|Win32
		ReleaseWithSymbols|Win32 = ReleaseWithSymbols|Win32
	EndGlobalSection
	GlobalSection(ProjectConfigurationPlatforms) = postSolution
		{6F26E66C-B27D-0049-BD68-2F5A8A2DDAA7}.Debug_Static|Win32.ActiveCfg = Debug_Static|Win32
		{6F26E66C-B27D-0049-BD68-2F5A8A2DDAA7}.Debug_Static|Win32.Build.0 = Debug_Static|Win32
		{6F26E66C-B27D-0049-BD68-2F5A8A2DDAA7}.Debug|Win32.ActiveCfg = Debug|Win32
		{6F26E66C-B27D-0049-BD68-2F5A8A2DDAA7}.Debug|Win32.Build.0 = Debug|Win32
		{6F26E66C-B27D-0049-BD68-2F5A8A2DDAA7}.Release_Static|Win32.ActiveCfg = Release_Static|Win32
		{6F26E66C-B27D-0049-BD68-2F5A8A2DDAA7}.Release_Static|Win32.Build.0 = Release_Static|Win32
		{6F26E66C-B27D-0049-BD68-2F5A8A2DDAA7}.Release|Win32.ActiveCfg = Release|Win32
		{6F26E66C-B27D-0049-BD68-2F5A8A2DDAA7}.Release|Win32.Build.0 = Release|Win32
		{6F26E66C-B27D-0049-BD68-2F5A8A2DDAA7}.ReleaseWithSymbols|Win32.ActiveCfg = ReleaseWithSymbols|Win32
		{6F26E66C-B27D-0049-BD68-2F5A8A2DDAA7}.ReleaseWithSymbols|Win32.Build.0 = ReleaseWithSymbols|Win32
		{981738ED-E670-314D-9889-AF73EAB4D90C}.Debug_Static|Win32.ActiveCfg = Debug_Static|Win32
		{981738ED-E670-314D-9889-AF73EAB4D90C}.Debug_Static|Win32.Build.0 = Debug_Static|Win32
		{981738ED-E670-314D-9889-AF73EAB4D90C}.Debug|Win32.ActiveCfg = Debug|Win32
		{981738ED-E670-314D-9889-AF73EAB4D90C}.Debug|Win32.Build.0 = Debug|Win32
		{981738ED-E670-314D-9889-AF73EAB4D90C}.Release_Static|Win32.ActiveCfg = Release_Static|Win32
		{981738ED-E670-314D-9889-AF73EAB4D90C}.Release_Static|Win32.Build.0 = Release_Static|Win32
		{981738ED-E670-314D-9889-AF73EAB4D90C}.Release|Win32.ActiveCfg = Release|Win32
		{981738ED-E670-314D-9889-AF73EAB4D90C}.Release|Win32.Build.0 = Release|Win32
		{981738ED-E670-314D-9889-AF73EAB4D90C}.ReleaseWithSymbols|Win32.ActiveCfg = ReleaseWithSymbols|Win32
		{981738ED-E670-314D-9889-AF73EAB4D90C}.ReleaseWithSymbols|Win32.Build.0 = ReleaseWithSymbols|Win32
		{1309969B-9B9A-3F4B-BD19-724661156F30}.Debug_Static|Win32.ActiveCfg = Debug_Static|Win32
		{1309969B-9B9A-3F4B-BD19-724661156F30}.Debug_Static|Win32.Build.0 = Debug_Static|Win32
		{1309969B-9B9A-3F4B-BD19-724661156F30}.Debug|Win32.ActiveCfg = Debug|Win32
		{1309969B-9B9A-3F4B-BD19-724661156F30}.Debug|Win32.Build.0 = Debug|Win32
		{1309969B-9B9A-3F4B-BD19-724661156F30}.Release_Static|Win32.ActiveCfg = Release_Static|Win32
		{1309969B-9B9A-3F4B-BD19-724661156F30}.Release_Static|Win32.Build.0 = Release_Static|Win32
		{1309969B-9B9A-3F4B-BD19-724661156F30}.Release|Win32.ActiveCfg = Release|Win32
		{1309969B-9B9A-3F4B-BD19-724661156F30}.Release|Win32.Build.0 = Release|Win32
		{1309969B-9B9A-3F4B-BD19-724661156F30}.ReleaseWithSymbols|Win32.ActiveCfg = ReleaseWithSymbols|Win32
		{1309969B-9B9A-3F4B-BD19-724661156F30}.ReleaseWithSymbols|Win32.Build.0 = ReleaseWithSymbols|Win32
		{CA0E8D60-23E0-8945-B9E0-56EEFB4ED6A5}.Debug_Static|Win32.ActiveCfg = Debug_Static|Win32
		{CA0E8D60-23E0-8945-B9E0-56EEFB4ED6A5}.Debug_Static|Win32.Build.0 = Debug_Static|Win32
		{CA0E8D60-23E0-8945-B9E0-56EEFB4ED6A5}.Debug|Win32.ActiveCfg = Debug|Win32
		{CA0E8D60-23E0-8945-B9E0-56EEFB4ED6A5}.Debug|Win32.Build.0 = Debug|Win32
		{CA0E8D60-23E0-8945-B9E0-56EEFB4ED6A5}.Release_Static|Win32.ActiveCfg = Release_Static|Win32
		{CA0E8D60-23E0-8945-B9E0-56EEFB4ED6A5}.Release_Static|Win32.Build.0 = Release_Static|Win32
		{CA0E8D60-23E0-8945-B9E0-56EEFB4ED6A5}.Release|Win32.ActiveCfg = Release|Win32
		{CA0E8D60-23E0-8945-B9E0-56EEFB4ED6A5}.Release|Win32.Build.0 = Release|Win32
		{CA0E8D60-23E0-8945-B9E0-56EEFB4ED6A5}.ReleaseWithSymbols|Win32.ActiveCfg = ReleaseWithSymbols|Win32
		{CA0E8D60-23E0-8945-B9E0-56EEFB4ED6A5}.ReleaseWithSymbols|Win32.Build.0 = ReleaseWithSymbols|Win32
		{44BC1E88-9F30-7443-9ACA-8B5621E874FE}.Debug_Static|Win32.ActiveCfg = Debug_Static|Win32
		{44BC1E88-9F30-7443-9ACA-8B5621E874FE}.Debug_Static|Win32.Build.0 = Debug_Static|Win32
		{44BC1E88-9F30-7443-9ACA-8B5621E874FE}.Debug|Win32.ActiveCfg = Debug|Win32
		{44BC1E88-9F30-7443-9ACA-8B5621E874FE}.Debug|Win32.Build.0 = Debug|Win32
		{44BC1E88-9F30-7443-9ACA-8B5621E874FE}.Release_Static|Win32.ActiveCfg = Release_Static|Win32
		{44BC1E88-9F30-7443-9ACA-8B5621E874FE}.Release_Static|Win32.Build.0 = Release_Static|Win32
		{44BC1E88-9F30-7443-9ACA-8B5621E874FE}.Release|Win32.ActiveCfg = Release|Win32
		{44BC1E88-9F30-7443-9ACA-8B5621E874FE}.Release|Win32.Build.0 = Release|Win32
		{44BC1E88-9F30-7443-9ACA-8B5621E874FE}.ReleaseWithSymbols|Win32.ActiveCfg = ReleaseWithSymbols|Win32
		{44BC1E88-9F30-7443-9ACA-8B5621E874FE}.ReleaseWithSymbols|Win32.Build.0 = ReleaseWithSymbols|Win32
		{45A3A52B-E0FA-DE40-AFFD-F7AFCEA7564F}.Debug_Static|Win32.ActiveCfg = Debug_Static|Win32
		{45A3A52B-E0FA-DE40-AFFD-F7AFCEA7564F}.Debug_Static|Win32.Build.0 = Debug_Static|Win32
		{45A3A52B-E0FA-DE40-AFFD-F7AFCEA7564F}.Debug|Win32.ActiveCfg = Debug|Win32
		{45A3A52B-E0FA-DE40-AFFD-F7AFCEA7564F}.Debug|Win32.Build.0 = Debug|Win32
		{45A3A52B-E0FA-DE40-AFFD-F7AFCEA7564F}.Release_Static|Win32.ActiveCfg = Release_Static|Win32
		{45A3A52B-E0FA-DE40-AFFD-F7AFCEA7564F}.Release_Static|Win32.Build.0 = Release_Static|Win32
		{45A3A52B-E0FA-DE40-AFFD-F7AFCEA7564F}.Release|Win32.ActiveCfg = Release|Win32
		{45A3A52B-E0FA-DE40-AFFD-F7AFCEA7564F}.ReleaseWithSymbols|Win32.ActiveCfg = ReleaseWithSymbols|Win32
		{45A3A52B-E0FA-DE40-AFFD-F7AFCEA7564F}.ReleaseWithSymbols|Win32.Build.0 = ReleaseWithSymbols|Win32
		{10CF66E1-F494-7E43-8D7A-DBFDF8496545}.Debug_Static|Win32.ActiveCfg = Debug_Static|Win32
		{10CF66E1-F494-7E43-8D7A-DBFDF8496545}.Debug_Static|Win32.Build.0 = Debug_Static|Win32
		{10CF66E1-F494-7E43-8D7A-DBFDF8496545}.Debug|Win32.ActiveCfg = Debug|Win32
		{10CF66E1-F494-7E43-8D7A-DBFDF8496545}.Debug|Win32.Build.0 = Debug|Win32
		{10CF66E1-F494-7E43-8D7A-DBFDF8496545}.Release_Static|Win32.ActiveCfg = Release_Static|Win32
		{10CF66E1-F494-7E43-8D7A-DBFDF8496545}.Release_Static|Win32.Build.0 = Release_Static|Win32
		{10CF66E1-F494-7E43-8D7A-DBFDF8496545}.Release|Win32.ActiveCfg = Release|Win32
		{10CF66E1-F494-7E43-8D7A-DBFDF8496545}.Release|Win32.Build.0 = Release|Win32
		{10CF66E1-F494-7E43-8D7A-DBFDF8496545}.ReleaseWithSymbols|Win32.ActiveCfg = ReleaseWithSymbols|Win32
		{10CF66E1-F494-7E43-8D7A-DBFDF8496545}.ReleaseWithSymbols|Win32.Build.0 = ReleaseWithSymbols|Win32
		{4F663BAB-0102-B44F-85B5-920EA36EE66E}.Debug_Static|Win32.ActiveCfg = Debug_Static|Win32
		{4F663BAB-0102-B44F-85B5-920EA36EE66E}.Debug_Static|Win32.Build.0 = Debug_Static|Win32
		{4F663BAB-0102-B44F-85B5-920EA36EE66E}.Debug|Win32.ActiveCfg = Debug|Win32
		{4F663BAB-0102-B44F-85B5-920EA36EE66E}.Debug|Win32.Build.0 = Debug|Win32
		{4F663BAB-0102-B44F-85B5-920EA36EE66E}.Release_Static|Win32.ActiveCfg = Release_Static|Win32
		{4F663BAB-0102-B44F-85B5-920EA36EE66E}.Release_Static|Win32.Build.0 = Release_Static|Win32
		{4F663BAB-0102-B44F-85B5-920EA36EE66E}.Release|Win32.ActiveCfg = Release|Win32
		{4F663BAB-0102-B44F-85B5-920EA36EE66E}.Release|Win32.Build.0 = Release|Win32
		{4F663BAB-0102-B44F-85B5-920EA36EE66E}.ReleaseWithSymbols|Win32.ActiveCfg = ReleaseWithSymbols|Win32
		{4F663BAB-0102-B44F-85B5-920EA36EE66E}.ReleaseWithSymbols|Win32.Build.0 = ReleaseWithSymbols|Win32
		{7F38E493-D548-5240-9036-EBE476AFEA9D}.Debug_Static|Win32.ActiveCfg = Debug_Static|Win32
		{7F38E493-D548-5240-9036-EBE476AFEA9D}.Debug_Static|Win32.Build.0 = Debug_Static|Win32
		{7F38E493-D548-5240-9036-EBE476AFEA9D}.Debug|Win32.ActiveCfg = Debug|Win32
		{7F38E493-D548-5240-9036-EBE476AFEA9D}.Debug|Win32.Build.0 = Debug|Win32
		{7F38E493-D548-5240-9036-EBE476AFEA9D}.Release_Static|Win32.ActiveCfg = Release_Static|Win32
		{7F38E493-D548-5240-9036-EBE476AFEA9D}.Release_Static|Win32.Build.0 = Release_Static|Win32
		{7F38E493-D548-5240-9036-EBE476AFEA9D}.Release|Win32.ActiveCfg = Release|Win32
		{7F38E493-D548-5240-9036-EBE476AFEA9D}.Release|Win32.Build.0 = Release|Win32
		{7F38E493-D548-5240-9036-EBE476AFEA9D}.ReleaseWithSymbols|Win32.ActiveCfg = ReleaseWithSymbols|Win32
		{7F38E493-D548-5240-9036-EBE476AFEA9D}.ReleaseWithSymbols|Win32.Build.0 = ReleaseWithSymbols|Win32
		{1D11F212-C43E-D54D-9B6B-214FFD375A80}.Debug_Static|Win32.ActiveCfg = Debug_Static|Win32
		{1D11F212-C43E-D54D-9B6B-214FFD375A80}.Debug_Static|Win32.Build.0 = Debug_Static|Win32
		{1D11F212-C43E-D54D-9B6B-214FFD375A80}.Debug|Win32.ActiveCfg = Debug|Win32
		{1D11F212-C43E-D54D-9B6B-214FFD375A80}.Debug|Win32.Build.0 = Debug|Win32
		{1D11F212-C43E-D54D-9B6B-214FFD375A80}.Release_Static|Win32.ActiveCfg = Release_Static|Win32
		{1D11F212-C43E-D54D-9B6B-214FFD375A80}.Release_Static|Win32.Build.0 = Release_Static|Win32
		{1D11F212-C43E-D54D-9B6B-214FFD375A80}.Release|Win32.ActiveCfg = Release|Win32
		{1D11F212-C43E-D54D-9B6B-214FFD375A80}.Release|Win32.Build.0 = Release|Win32
		{1D11F212-C43E-D54D-9B6B-214FFD375A80}.ReleaseWithSymbols|Win32.ActiveCfg = ReleaseWithSymbols|Win32
		{1D11F212-C43E-D54D-9B6B-214FFD375A80}.ReleaseWithSymbols|Win32.Build.0 = ReleaseWithSymbols|Win32
		{90699504-8BCF-714F-9342-0E954695FA82}.Debug_Static|Win32.ActiveCfg = Debug_Static|Win32
		{90699504-8BCF-714F-9342-0E954695FA82}.Debug_Static|Win32.Build.0 = Debug_Static|Win32
		{90699504-8BCF-714F-9342-0E954695FA82}.Debug|Win32.ActiveCfg = Debug|Win32
		{90699504-8BCF-714F-9342-0E954695FA82}.Debug|Win32.Build.0 = Debug|Win32
		{90699504-8BCF-714F-9342-0E954695FA82}.Release_Static|Win32.ActiveCfg = Release_Static|Win32
		{90699504-8BCF-714F-9342-0E954695FA82}.Release_Static|Win32.Build.0 = Release_Static|Win32
		{90699504-8BCF-714F-9342-0E954695FA82}.Release|Win32.ActiveCfg = Release|Win32
		{90699504-8BCF-714F-9342-0E954695FA82}.Release|Win32.Build.0 = Release|Win32
		{90699504-8BCF-714F-9342-0E954695FA82}.ReleaseWithSymbols|Win32.ActiveCfg = ReleaseWithSymbols|Win32
		{90699504-8BCF-714F-9342-0E954695FA82}.ReleaseWithSymbols|Win32.Build.0 = ReleaseWithSymbols|Win32
		{1872F902-1E5C-7144-BEFE-A99857B61C48}.Debug_Static|Win32.ActiveCfg = Debug_Static|Win32
		{1872F902-1E5C-7144-BEFE-A99857B61C48}.Debug_Static|Win32.Build.0 = Debug_Static|Win32
		{1872F902-1E5C-7144-BEFE-A99857B61C48}.Debug|Win32.ActiveCfg = Debug|Win32
		{1872F902-1E5C-7144-BEFE-A99857B61C48}.Debug|Win32.Build.0 = Debug|Win32
		{1872F902-1E5C-7144-BEFE-A99857B61C48}.Release_Static|Win32.ActiveCfg = Release_Static|Win32
		{1872F902-1E5C-7144-BEFE-A99857B61C48}.Release_Static|Win32.Build.0 = Release_Static|Win32
		{1872F902-1E5C-7144-BEFE-A99857B61C48}.Release|Win32.ActiveCfg = Release|Win32
		{1872F902-1E5C-7144-BEFE-A99857B61C48}.Release|Win32.Build.0 = Release|Win32
		{1872F902-1E5C-7144-BEFE-A99857B61C48}.ReleaseWithSymbols|Win32.ActiveCfg = ReleaseWithSymbols|Win32
		{1872F902-1E5C-7144-BEFE-A99857B61C48}.ReleaseWithSymbols|Win32.Build.0 = ReleaseWithSymbols|Win32
		{7867E192-12A3-D845-A5B1-C63C2B2C5A39}.Debug_Static|Win32.ActiveCfg = Debug_Static|Win32
		{7867E192-12A3-D845-A5B1-C63C2B2C5A39}.Debug_Static|Win32.Build.0 = Debug_Static|Win32
		{7867E192-12A3-D845-A5B1-C63C2B2C5A39}.Debug|Win32.ActiveCfg = Debug|Win32
		{7867E192-12A3-D845-A5B1-C63C2B2C5A39}.Debug|Win32.Build.0 = Debug|Win32
		{7867E192-12A3-D845-A5B1-C63C2B2C5A39}.Release_Static|Win32.ActiveCfg = Release_Static|Win32
		{7867E192-12A3-D845-A5B1-C63C2B2C5A39}.Release_Static|Win32.Build.0 = Release_Static|Win32
		{7867E192-12A3-D845-A5B1-C63C2B2C5A39}.Release|Win32.ActiveCfg = Release|Win32
		{7867E192-12A3-D845-A5B1-C63C2B2C5A39}.Release|Win32.Build.0 = Release|Win32
		{7867E192-12A3-D845-A5B1-C63C2B2C5A39}.ReleaseWithSymbols|Win32.ActiveCfg = ReleaseWithSymbols|Win32
		{7867E192-12A3-D845-A5B1-C63C2B2C5A39}.ReleaseWithSymbols|Win32.Build.0 = ReleaseWithSymbols|Win32
		{963FB9D9-AEC8-534C-8148-AFC1C7A28C63}.Debug_Static|Win32.ActiveCfg = Debug_Static|Win32
		{963FB9D9-AEC8-534C-8148-AFC1C7A28C63}.Debug_Static|Win32.Build.0 = Debug_Static|Win32
		{963FB9D9-AEC8-534C-8148-AFC1C7A28C63}.Debug|Win32.ActiveCfg = Debug|Win32
		{963FB9D9-AEC8-534C-8148-AFC1C7A28C63}.Debug|Win32.Build.0 = Debug|Win32
		{963FB9D9-AEC8-534C-8148-AFC1C7A28C63}.Release_Static|Win32.ActiveCfg = Release_Static|Win32
		{963FB9D9-AEC8-534C-8148-AFC1C7A28C63}.Release_Static|Win32.Build.0 = Release_Static|Win32
		{963FB9D9-AEC8-534C-8148-AFC1C7A28C63}.Release|Win32.ActiveCfg = Release|Win32
		{963FB9D9-AEC8-534C-8148-AFC1C7A28C63}.Release|Win32.Build.0 = Release|Win32
		{963FB9D9-AEC8-534C-8148-AFC1C7A28C63}.ReleaseWithSymbols|Win32.ActiveCfg = ReleaseWithSymbols|Win32
		{963FB9D9-AEC8-534C-8148-AFC1C7A28C63}.ReleaseWithSymbols|Win32.Build.0 = ReleaseWithSymbols|Win32
	EndGlobalSection
	GlobalSection(SolutionProperties) = preSolution
		HideSolutionNode = FALSE
	EndGlobalSection
EndGlobal
