<?xml version="1.0" encoding="utf-8"?>
<Project ToolsVersion="4.0" xmlns="http://schemas.microsoft.com/developer/msbuild/2003">
  <ItemGroup>
    <Filter Include="cegui">
      <UniqueIdentifier>{c7b2f956-7ccd-4c9d-a904-9350b4da55b5}</UniqueIdentifier>
    </Filter>
    <Filter Include="cegui\src">
      <UniqueIdentifier>{280ad30d-5cd8-45c7-82b6-6e7b0684fc8a}</UniqueIdentifier>
    </Filter>
    <Filter Include="cegui\src\XMLParserModules">
      <UniqueIdentifier>{ff7269dc-cb06-4137-a9e2-9d1f8f1bec76}</UniqueIdentifier>
    </Filter>
    <Filter Include="cegui\src\XMLParserModules\expatParser">
      <UniqueIdentifier>{d6a0ac21-5204-409c-b357-2c7e9c1a9b63}</UniqueIdentifier>
    </Filter>
    <Filter Include="cegui\include">
      <UniqueIdentifier>{a71cf62a-4d57-4c37-b904-0c00f4dcd4c5}</UniqueIdentifier>
    </Filter>
    <Filter Include="cegui\include\XMLParserModules">
      <UniqueIdentifier>{aa1339d9-cf33-4b71-bd63-b091e5bd6b69}</UniqueIdentifier>
    </Filter>
    <Filter Include="cegui\include\XMLParserModules\expatParser">
      <UniqueIdentifier>{67567c45-6d56-4c10-9c37-f372ed61ef30}</UniqueIdentifier>
    </Filter>
  </ItemGroup>
  <ItemGroup>
    <ClCompile Include="..\..\..\..\cegui\src\XMLParserModules\expatParser\CEGUIExpatParser.cpp">
      <Filter>cegui\src\XMLParserModules\expatParser</Filter>
    </ClCompile>
    <ClCompile Include="..\..\..\..\cegui\src\XMLParserModules\expatParser\CEGUIExpatParserModule.cpp">
      <Filter>cegui\src\XMLParserModules\expatParser</Filter>
    </ClCompile>
  </ItemGroup>
  <ItemGroup>
    <ClInclude Include="..\..\..\..\cegui\include\XMLParserModules\expatParser\CEGUIExpatParser.h">
      <Filter>cegui\include\XMLParserModules\expatParser</Filter>
    </ClInclude>
    <ClInclude Include="..\..\..\..\cegui\include\XMLParserModules\expatParser\CEGUIExpatParserModule.h">
      <Filter>cegui\include\XMLParserModules\expatParser</Filter>
    </ClInclude>
  </ItemGroup>
</Project>