<?xml version="1.0" encoding="utf-8"?>
<Project ToolsVersion="4.0" xmlns="http://schemas.microsoft.com/developer/msbuild/2003">
  <ItemGroup>
    <Filter Include="cegui">
      <UniqueIdentifier>{c9f34500-871f-4901-b40b-a666332d6d2d}</UniqueIdentifier>
    </Filter>
    <Filter Include="cegui\src">
      <UniqueIdentifier>{af680d82-4763-4a4f-8740-6e14c1ecc78d}</UniqueIdentifier>
    </Filter>
    <Filter Include="cegui\src\ImageCodecModules">
      <UniqueIdentifier>{f0df2611-d7cd-4cfa-9789-35197ef050f6}</UniqueIdentifier>
    </Filter>
    <Filter Include="cegui\src\ImageCodecModules\FreeImageImageCodec">
      <UniqueIdentifier>{73813c42-b6ba-45d2-9197-94d2bf489ad5}</UniqueIdentifier>
    </Filter>
    <Filter Include="cegui\include">
      <UniqueIdentifier>{11a553ae-f52f-4b6c-ba3b-c19b47993996}</UniqueIdentifier>
    </Filter>
    <Filter Include="cegui\include\ImageCodecModules">
      <UniqueIdentifier>{039d988e-9fd5-4c61-a44e-729d72d2b6b4}</UniqueIdentifier>
    </Filter>
    <Filter Include="cegui\include\ImageCodecModules\FreeImageImageCodec">
      <UniqueIdentifier>{94d3e666-8104-47a9-bbbc-2fa0fc817605}</UniqueIdentifier>
    </Filter>
  </ItemGroup>
  <ItemGroup>
    <ClCompile Include="..\..\..\..\cegui\src\ImageCodecModules\FreeImageImageCodec\CEGUIFreeImageImageCodec.cpp">
      <Filter>cegui\src\ImageCodecModules\FreeImageImageCodec</Filter>
    </ClCompile>
    <ClCompile Include="..\..\..\..\cegui\src\ImageCodecModules\FreeImageImageCodec\CEGUIFreeImageImageCodecModule.cpp">
      <Filter>cegui\src\ImageCodecModules\FreeImageImageCodec</Filter>
    </ClCompile>
  </ItemGroup>
  <ItemGroup>
    <ClInclude Include="..\..\..\..\cegui\include\ImageCodecModules\FreeImageImageCodec\CEGUIFreeImageImageCodec.h">
      <Filter>cegui\include\ImageCodecModules\FreeImageImageCodec</Filter>
    </ClInclude>
    <ClInclude Include="..\..\..\..\cegui\include\ImageCodecModules\FreeImageImageCodec\CEGUIFreeImageImageCodecModule.h">
      <Filter>cegui\include\ImageCodecModules\FreeImageImageCodec</Filter>
    </ClInclude>
  </ItemGroup>
</Project>