<?xml version="1.0" encoding="utf-8"?>
<Project ToolsVersion="4.0" xmlns="http://schemas.microsoft.com/developer/msbuild/2003">
  <ItemGroup>
    <Filter Include="cegui">
      <UniqueIdentifier>{005c8cd8-ea19-40e0-b57d-39738de7cc51}</UniqueIdentifier>
    </Filter>
    <Filter Include="cegui\src">
      <UniqueIdentifier>{1f69840a-cff9-464b-b926-128076072fec}</UniqueIdentifier>
    </Filter>
    <Filter Include="cegui\src\ImageCodecModules">
      <UniqueIdentifier>{3345b755-9baf-4f1f-8139-905c50b08f88}</UniqueIdentifier>
    </Filter>
    <Filter Include="cegui\src\ImageCodecModules\DevILImageCodec">
      <UniqueIdentifier>{d83d89f1-6e6b-4a64-8dbb-3bc0de24af71}</UniqueIdentifier>
    </Filter>
    <Filter Include="cegui\include">
      <UniqueIdentifier>{54c7ef45-5130-4bc4-bab8-6d1ae73cb0b3}</UniqueIdentifier>
    </Filter>
    <Filter Include="cegui\include\ImageCodecModules">
      <UniqueIdentifier>{0124e629-3ba6-4072-a786-ec3942cdf540}</UniqueIdentifier>
    </Filter>
    <Filter Include="cegui\include\ImageCodecModules\DevILImageCodec">
      <UniqueIdentifier>{65759620-89b2-4ed6-9d2f-f4c6bc3ebaf3}</UniqueIdentifier>
    </Filter>
  </ItemGroup>
  <ItemGroup>
    <ClCompile Include="..\..\..\..\cegui\src\ImageCodecModules\DevILImageCodec\CEGUIDevILImageCodec.cpp">
      <Filter>cegui\src\ImageCodecModules\DevILImageCodec</Filter>
    </ClCompile>
    <ClCompile Include="..\..\..\..\cegui\src\ImageCodecModules\DevILImageCodec\CEGUIDevILImageCodecModule.cpp">
      <Filter>cegui\src\ImageCodecModules\DevILImageCodec</Filter>
    </ClCompile>
  </ItemGroup>
  <ItemGroup>
    <ClInclude Include="..\..\..\..\cegui\include\ImageCodecModules\DevILImageCodec\CEGUIDevILImageCodec.h">
      <Filter>cegui\include\ImageCodecModules\DevILImageCodec</Filter>
    </ClInclude>
    <ClInclude Include="..\..\..\..\cegui\include\ImageCodecModules\DevILImageCodec\CEGUIDevILImageCodecModule.h">
      <Filter>cegui\include\ImageCodecModules\DevILImageCodec</Filter>
    </ClInclude>
  </ItemGroup>
</Project>