<?xml version="1.0" encoding="utf-8"?>
<Project ToolsVersion="4.0" xmlns="http://schemas.microsoft.com/developer/msbuild/2003">
  <ItemGroup>
    <Filter Include="cegui">
      <UniqueIdentifier>{3273114d-6f60-4546-afa5-5fae639fe73f}</UniqueIdentifier>
    </Filter>
    <Filter Include="cegui\src">
      <UniqueIdentifier>{340d3693-58e8-4123-b462-683c3866fa9a}</UniqueIdentifier>
    </Filter>
    <Filter Include="cegui\src\ScriptingModules">
      <UniqueIdentifier>{8f6dabad-124b-4ea0-984e-675f8726d699}</UniqueIdentifier>
    </Filter>
    <Filter Include="cegui\src\ScriptingModules\LuaScriptModule">
      <UniqueIdentifier>{7e0b2cd5-07af-4ef4-ad42-17aa0df4bb94}</UniqueIdentifier>
    </Filter>
    <Filter Include="cegui\src\ScriptingModules\LuaScriptModule\support">
      <UniqueIdentifier>{70b031af-8497-455d-91ec-3e8a7ef4cf2d}</UniqueIdentifier>
    </Filter>
    <Filter Include="cegui\src\ScriptingModules\LuaScriptModule\support\tolua++">
      <UniqueIdentifier>{24bfa306-ad7d-4228-8a76-eae9a2b279ec}</UniqueIdentifier>
    </Filter>
    <Filter Include="cegui\include">
      <UniqueIdentifier>{7626a90b-d805-4f45-b7f7-a80e8d53be00}</UniqueIdentifier>
    </Filter>
    <Filter Include="cegui\include\ScriptingModules">
      <UniqueIdentifier>{b0afc0d1-ed1a-4d2d-986c-2e7d970bed38}</UniqueIdentifier>
    </Filter>
    <Filter Include="cegui\include\ScriptingModules\LuaScriptModule">
      <UniqueIdentifier>{6cbdd624-d383-4bdb-95c8-b843f6782ea0}</UniqueIdentifier>
    </Filter>
    <Filter Include="cegui\include\ScriptingModules\LuaScriptModule\support">
      <UniqueIdentifier>{2cfa8f13-f5d6-49ee-942d-e6f1f815742c}</UniqueIdentifier>
    </Filter>
    <Filter Include="cegui\include\ScriptingModules\LuaScriptModule\support\tolua++">
      <UniqueIdentifier>{b30215f6-66dd-4a68-a490-d5e30dd08556}</UniqueIdentifier>
    </Filter>
  </ItemGroup>
  <ItemGroup>
    <ClCompile Include="..\..\..\..\..\..\cegui\src\ScriptingModules\LuaScriptModule\support\tolua++\tolua_event.c">
      <Filter>cegui\src\ScriptingModules\LuaScriptModule\support\tolua++</Filter>
    </ClCompile>
    <ClCompile Include="..\..\..\..\..\..\cegui\src\ScriptingModules\LuaScriptModule\support\tolua++\tolua_is.c">
      <Filter>cegui\src\ScriptingModules\LuaScriptModule\support\tolua++</Filter>
    </ClCompile>
    <ClCompile Include="..\..\..\..\..\..\cegui\src\ScriptingModules\LuaScriptModule\support\tolua++\tolua_map.c">
      <Filter>cegui\src\ScriptingModules\LuaScriptModule\support\tolua++</Filter>
    </ClCompile>
    <ClCompile Include="..\..\..\..\..\..\cegui\src\ScriptingModules\LuaScriptModule\support\tolua++\tolua_push.c">
      <Filter>cegui\src\ScriptingModules\LuaScriptModule\support\tolua++</Filter>
    </ClCompile>
    <ClCompile Include="..\..\..\..\..\..\cegui\src\ScriptingModules\LuaScriptModule\support\tolua++\tolua_to.c">
      <Filter>cegui\src\ScriptingModules\LuaScriptModule\support\tolua++</Filter>
    </ClCompile>
  </ItemGroup>
  <ItemGroup>
    <ClInclude Include="..\..\..\..\..\..\cegui\src\ScriptingModules\LuaScriptModule\support\tolua++\tolua_event.h">
      <Filter>cegui\src\ScriptingModules\LuaScriptModule\support\tolua++</Filter>
    </ClInclude>
    <ClInclude Include="..\..\..\..\..\..\cegui\include\ScriptingModules\LuaScriptModule\support\tolua++\tolua++.h">
      <Filter>cegui\include\ScriptingModules\LuaScriptModule\support\tolua++</Filter>
    </ClInclude>
  </ItemGroup>
</Project>