<?xml version="1.0" encoding="utf-8"?>
<Project ToolsVersion="4.0" xmlns="http://schemas.microsoft.com/developer/msbuild/2003">
  <ItemGroup>
    <Filter Include="cegui">
      <UniqueIdentifier>{33946cf5-b534-470c-8a8c-c5e9d751d850}</UniqueIdentifier>
    </Filter>
    <Filter Include="cegui\src">
      <UniqueIdentifier>{3b092243-7551-426e-b9e7-57da7a35e053}</UniqueIdentifier>
    </Filter>
    <Filter Include="cegui\src\ScriptingModules">
      <UniqueIdentifier>{6726bdcf-01ec-4518-b199-0d7c58bdcea9}</UniqueIdentifier>
    </Filter>
    <Filter Include="cegui\src\ScriptingModules\LuaScriptModule">
      <UniqueIdentifier>{74bf2cfe-3170-4b1c-9a23-a91c8dc9a5b9}</UniqueIdentifier>
    </Filter>
    <Filter Include="cegui\src\ScriptingModules\LuaScriptModule\support">
      <UniqueIdentifier>{61222697-302d-4d18-8f47-897b95059500}</UniqueIdentifier>
    </Filter>
    <Filter Include="cegui\src\ScriptingModules\LuaScriptModule\support\tolua++bin">
      <UniqueIdentifier>{114f5fa6-5a24-42a1-83da-0142e05faa1a}</UniqueIdentifier>
    </Filter>
  </ItemGroup>
  <ItemGroup>
    <ClCompile Include="..\..\..\..\..\..\cegui\src\ScriptingModules\LuaScriptModule\support\tolua++bin\tolua.c">
      <Filter>cegui\src\ScriptingModules\LuaScriptModule\support\tolua++bin</Filter>
    </ClCompile>
    <ClCompile Include="..\..\..\..\..\..\cegui\src\ScriptingModules\LuaScriptModule\support\tolua++bin\toluabind.c">
      <Filter>cegui\src\ScriptingModules\LuaScriptModule\support\tolua++bin</Filter>
    </ClCompile>
  </ItemGroup>
  <ItemGroup>
    <ClInclude Include="..\..\..\..\..\..\cegui\src\ScriptingModules\LuaScriptModule\support\tolua++bin\toluabind.h">
      <Filter>cegui\src\ScriptingModules\LuaScriptModule\support\tolua++bin</Filter>
    </ClInclude>
  </ItemGroup>
</Project>