<?xml version="1.0" encoding="utf-8"?>
<Project ToolsVersion="4.0" xmlns="http://schemas.microsoft.com/developer/msbuild/2003">
  <ItemGroup>
    <Filter Include="cegui">
      <UniqueIdentifier>{2d3bfaaf-c2c5-424b-b016-55f041db5490}</UniqueIdentifier>
    </Filter>
    <Filter Include="cegui\src">
      <UniqueIdentifier>{ca6afa4a-4441-4956-ad37-d2ed1a2a3e39}</UniqueIdentifier>
    </Filter>
    <Filter Include="cegui\src\RendererModules">
      <UniqueIdentifier>{9eaeb0af-c314-442c-8cc9-0fb7cdad6767}</UniqueIdentifier>
    </Filter>
    <Filter Include="cegui\src\RendererModules\Direct3D9">
      <UniqueIdentifier>{97396e4b-e516-4aa3-909b-ec8f26927602}</UniqueIdentifier>
    </Filter>
    <Filter Include="cegui\include">
      <UniqueIdentifier>{0f231829-48c7-4d6a-93a4-0dd3efff4697}</UniqueIdentifier>
    </Filter>
    <Filter Include="cegui\include\RendererModules">
      <UniqueIdentifier>{1ba91103-1cba-41af-82d0-382c2aa92425}</UniqueIdentifier>
    </Filter>
    <Filter Include="cegui\include\RendererModules\Direct3D9">
      <UniqueIdentifier>{3529e8ad-c488-49e1-a033-bd2b836ff39c}</UniqueIdentifier>
    </Filter>
  </ItemGroup>
  <ItemGroup>
    <ClCompile Include="..\..\..\..\cegui\src\RendererModules\Direct3D9\CEGUIDirect3D9GeometryBuffer.cpp">
      <Filter>cegui\src\RendererModules\Direct3D9</Filter>
    </ClCompile>
    <ClCompile Include="..\..\..\..\cegui\src\RendererModules\Direct3D9\CEGUIDirect3D9Renderer.cpp">
      <Filter>cegui\src\RendererModules\Direct3D9</Filter>
    </ClCompile>
    <ClCompile Include="..\..\..\..\cegui\src\RendererModules\Direct3D9\CEGUIDirect3D9RenderTarget.cpp">
      <Filter>cegui\src\RendererModules\Direct3D9</Filter>
    </ClCompile>
    <ClCompile Include="..\..\..\..\cegui\src\RendererModules\Direct3D9\CEGUIDirect3D9Texture.cpp">
      <Filter>cegui\src\RendererModules\Direct3D9</Filter>
    </ClCompile>
    <ClCompile Include="..\..\..\..\cegui\src\RendererModules\Direct3D9\CEGUIDirect3D9TextureTarget.cpp">
      <Filter>cegui\src\RendererModules\Direct3D9</Filter>
    </ClCompile>
    <ClCompile Include="..\..\..\..\cegui\src\RendererModules\Direct3D9\CEGUIDirect3D9ViewportTarget.cpp">
      <Filter>cegui\src\RendererModules\Direct3D9</Filter>
    </ClCompile>
  </ItemGroup>
  <ItemGroup>
    <ClInclude Include="..\..\..\..\cegui\include\RendererModules\Direct3D9\CEGUIDirect3D9GeometryBuffer.h">
      <Filter>cegui\include\RendererModules\Direct3D9</Filter>
    </ClInclude>
    <ClInclude Include="..\..\..\..\cegui\include\RendererModules\Direct3D9\CEGUIDirect3D9Renderer.h">
      <Filter>cegui\include\RendererModules\Direct3D9</Filter>
    </ClInclude>
    <ClInclude Include="..\..\..\..\cegui\include\RendererModules\Direct3D9\CEGUIDirect3D9RenderTarget.h">
      <Filter>cegui\include\RendererModules\Direct3D9</Filter>
    </ClInclude>
    <ClInclude Include="..\..\..\..\cegui\include\RendererModules\Direct3D9\CEGUIDirect3D9Texture.h">
      <Filter>cegui\include\RendererModules\Direct3D9</Filter>
    </ClInclude>
    <ClInclude Include="..\..\..\..\cegui\include\RendererModules\Direct3D9\CEGUIDirect3D9TextureTarget.h">
      <Filter>cegui\include\RendererModules\Direct3D9</Filter>
    </ClInclude>
    <ClInclude Include="..\..\..\..\cegui\include\RendererModules\Direct3D9\CEGUIDirect3D9ViewportTarget.h">
      <Filter>cegui\include\RendererModules\Direct3D9</Filter>
    </ClInclude>
  </ItemGroup>
</Project>