<?xml version="1.0" encoding="utf-8"?>
<Project ToolsVersion="4.0" xmlns="http://schemas.microsoft.com/developer/msbuild/2003">
  <ItemGroup>
    <Filter Include="cegui">
      <UniqueIdentifier>{04af59d9-8c4d-4f9d-8529-4602ce228de0}</UniqueIdentifier>
    </Filter>
    <Filter Include="cegui\src">
      <UniqueIdentifier>{6320059f-c1a7-4aac-8d5b-59d250e5ba6e}</UniqueIdentifier>
    </Filter>
    <Filter Include="cegui\src\ImageCodecModules">
      <UniqueIdentifier>{e51d95c4-03c8-43c5-bf89-accf75eb799e}</UniqueIdentifier>
    </Filter>
    <Filter Include="cegui\src\ImageCodecModules\TGAImageCodec">
      <UniqueIdentifier>{10ae8380-bbb7-4160-81dc-fb4aa1923f25}</UniqueIdentifier>
    </Filter>
    <Filter Include="cegui\include">
      <UniqueIdentifier>{72c95f26-e155-4941-82c8-453e08cce295}</UniqueIdentifier>
    </Filter>
    <Filter Include="cegui\include\ImageCodecModules">
      <UniqueIdentifier>{fa4b23ad-c7c4-4e3f-baa9-922a373816d8}</UniqueIdentifier>
    </Filter>
    <Filter Include="cegui\include\ImageCodecModules\TGAImageCodec">
      <UniqueIdentifier>{9f3503fa-9ac5-466c-b2c1-0d8dd7c6743f}</UniqueIdentifier>
    </Filter>
  </ItemGroup>
  <ItemGroup>
    <ClCompile Include="..\..\..\..\cegui\src\ImageCodecModules\TGAImageCodec\CEGUITGAImageCodec.cpp">
      <Filter>cegui\src\ImageCodecModules\TGAImageCodec</Filter>
    </ClCompile>
    <ClCompile Include="..\..\..\..\cegui\src\ImageCodecModules\TGAImageCodec\CEGUITGAImageCodecModule.cpp">
      <Filter>cegui\src\ImageCodecModules\TGAImageCodec</Filter>
    </ClCompile>
  </ItemGroup>
  <ItemGroup>
    <ClInclude Include="..\..\..\..\cegui\include\ImageCodecModules\TGAImageCodec\CEGUITGAImageCodec.h">
      <Filter>cegui\include\ImageCodecModules\TGAImageCodec</Filter>
    </ClInclude>
    <ClInclude Include="..\..\..\..\cegui\include\ImageCodecModules\TGAImageCodec\CEGUITGAImageCodecModule.h">
      <Filter>cegui\include\ImageCodecModules\TGAImageCodec</Filter>
    </ClInclude>
  </ItemGroup>
</Project>